
Microsoft Visual Studio Solution File, Format Version 12.00
# Visual Studio 14
VisualStudioVersion = 14.0.25420.1
MinimumVisualStudioVersion = 10.0.40219.1
Project("{FAE04EC0-301F-11D3-BF4B-00C04F79EFBC}") = "OnlineMall", "OnlineMall\OnlineMall.csproj", "{F542BD4C-F97C-4DF3-8DC2-94464DA29E17}"
EndProject
Project("{FAE04EC0-301F-11D3-BF4B-00C04F79EFBC}") = "Models", "Models\Models.csproj", "{D026B7B0-DE70-4554-9E19-CE91329350AA}"
EndProject
Global
	GlobalSection(SolutionConfigurationPlatforms) = preSolution
		Debug|Any CPU = Debug|Any CPU
		Release|Any CPU = Release|Any CPU
	EndGlobalSection
	GlobalSection(ProjectConfigurationPlatforms) = postSolution
		{F542BD4C-F97C-4DF3-8DC2-94464DA29E17}.Debug|Any CPU.ActiveCfg = Debug|Any CPU
		{F542BD4C-F97C-4DF3-8DC2-94464DA29E17}.Debug|Any CPU.Build.0 = Debug|Any CPU
		{F542BD4C-F97C-4DF3-8DC2-94464DA29E17}.Release|Any CPU.ActiveCfg = Release|Any CPU
		{F542BD4C-F97C-4DF3-8DC2-94464DA29E17}.Release|Any CPU.Build.0 = Release|Any CPU
		{D026B7B0-DE70-4554-9E19-CE91329350AA}.Debug|Any CPU.ActiveCfg = Debug|Any CPU
		{D026B7B0-DE70-4554-9E19-CE91329350AA}.Debug|Any CPU.Build.0 = Debug|Any CPU
		{D026B7B0-DE70-4554-9E19-CE91329350AA}.Release|Any CPU.ActiveCfg = Release|Any CPU
		{D026B7B0-DE70-4554-9E19-CE91329350AA}.Release|Any CPU.Build.0 = Release|Any CPU
	EndGlobalSection
	GlobalSection(SolutionProperties) = preSolution
		HideSolutionNode = FALSE
	EndGlobalSection
EndGlobal
